// !$*UTF8*$!
{
	archiveVersion = 1;
	classes = {
	};
	objectVersion = 50;
	objects = {

/* Begin PBXBuildFile section */
		14C8BD8D2475162B00914470 /* AppDelegate.swift in Sources */ = {isa = PBXBuildFile; fileRef = 14C8BD8C2475162B00914470 /* AppDelegate.swift */; };
		14C8BD8F2475162B00914470 /* SceneDelegate.swift in Sources */ = {isa = PBXBuildFile; fileRef = 14C8BD8E2475162B00914470 /* SceneDelegate.swift */; };
		14C8BD912475162B00914470 /* ContentView.swift in Sources */ = {isa = PBXBuildFile; fileRef = 14C8BD902475162B00914470 /* ContentView.swift */; };
		14C8BD932475162F00914470 /* Assets.xcassets in Resources */ = {isa = PBXBuildFile; fileRef = 14C8BD922475162F00914470 /* Assets.xcassets */; };
		14C8BD962475162F00914470 /* Preview Assets.xcassets in Resources */ = {isa = PBXBuildFile; fileRef = 14C8BD952475162F00914470 /* Preview Assets.xcassets */; };
		14C8BD992475162F00914470 /* LaunchScreen.storyboard in Resources */ = {isa = PBXBuildFile; fileRef = 14C8BD972475162F00914470 /* LaunchScreen.storyboard */; };
/* End PBXBuildFile section */

/* Begin PBXFileReference section */
		14C8BD892475162B00914470 /* Swift5-BackgroundTaskNotification.app */ = {isa = PBXFileReference; explicitFileType = wrapper.application; includeInIndex = 0; path = "Swift5-BackgroundTaskNotification.app"; sourceTree = BUILT_PRODUCTS_DIR; };
		14C8BD8C2475162B00914470 /* AppDelegate.swift */ = {isa = PBXFileReference; lastKnownFileType = sourcecode.swift; path = AppDelegate.swift; sourceTree = "<group>"; };
		14C8BD8E2475162B00914470 /* SceneDelegate.swift */ = {isa = PBXFileReference; lastKnownFileType = sourcecode.swift; path = SceneDelegate.swift; sourceTree = "<group>"; };
		14C8BD902475162B00914470 /* ContentView.swift */ = {isa = PBXFileReference; lastKnownFileType = sourcecode.swift; path = ContentView.swift; sourceTree = "<group>"; };
		14C8BD922475162F00914470 /* Assets.xcassets */ = {isa = PBXFileReference; lastKnownFileType = folder.assetcatalog; path = Assets.xcassets; sourceTree = "<group>"; };
		14C8BD952475162F00914470 /* Preview Assets.xcassets */ = {isa = PBXFileReference; lastKnownFileType = folder.assetcatalog; path = "Preview Assets.xcassets"; sourceTree = "<group>"; };
		14C8BD982475162F00914470 /* Base */ = {isa = PBXFileReference; lastKnownFileType = file.storyboard; name = Base; path = Base.lproj/LaunchScreen.storyboard; sourceTree = "<group>"; };
		14C8BD9A2475162F00914470 /* Info.plist */ = {isa = PBXFileReference; lastKnownFileType = text.plist.xml; path = Info.plist; sourceTree = "<group>"; };
/* End PBXFileReference section */

/* Begin PBXFrameworksBuildPhase section */
		14C8BD862475162B00914470 /* Frameworks */ = {
			isa = PBXFrameworksBuildPhase;
			buildActionMask = 2147483647;
			files = (
			);
			runOnlyForDeploymentPostprocessing = 0;
		};
/* End PBXFrameworksBuildPhase section */

/* Begin PBXGroup section */
		14C8BD802475162B00914470 = {
			isa = PBXGroup;
			children = (
				14C8BD8B2475162B00914470 /* Swift5-BackgroundTaskNotification */,
				14C8BD8A2475162B00914470 /* Products */,
			);
			sourceTree = "<group>";
		};
		14C8BD8A2475162B00914470 /* Products */ = {
			isa = PBXGroup;
			children = (
				14C8BD892475162B00914470 /* Swift5-BackgroundTaskNotification.app */,
			);
			name = Products;
			sourceTree = "<group>";
		};
		14C8BD8B2475162B00914470 /* Swift5-BackgroundTaskNotification */ = {
			isa = PBXGroup;
			children = (
				14C8BD8C2475162B00914470 /* AppDelegate.swift */,
				14C8BD8E2475162B00914470 /* SceneDelegate.swift */,
				14C8BD902475162B00914470 /* ContentView.swift */,
				14C8BD922475162F00914470 /* Assets.xcassets */,
				14C8BD972475162F00914470 /* LaunchScreen.storyboard */,
				14C8BD9A2475162F00914470 /* Info.plist */,
				14C8BD942475162F00914470 /* Preview Content */,
			);
			path = "Swift5-BackgroundTaskNotification";
			sourceTree = "<group>";
		};
		14C8BD942475162F00914470 /* Preview Content */ = {
			isa = PBXGroup;
			children = (
				14C8BD952475162F00914470 /* Preview Assets.xcassets */,
			);
			path = "Preview Content";
			sourceTree = "<group>";
		};
/* End PBXGroup section */

/* Begin PBXNativeTarget section */
		14C8BD882475162B00914470 /* Swift5-BackgroundTaskNotification */ = {
			isa = PBXNativeTarget;
			buildConfigurationList = 14C8BD9D2475162F00914470 /* Build configuration list for PBXNativeTarget "Swift5-BackgroundTaskNotification" */;
			buildPhases = (
				14C8BD852475162B00914470 /* Sources */,
				14C8BD862475162B00914470 /* Frameworks */,
				14C8BD872475162B00914470 /* Resources */,
			);
			buildRules = (
			);
			dependencies = (
			);
			name = "Swift5-BackgroundTaskNotification";
			productName = "Swift5-BackgroundTaskNotification";
			productReference = 14C8BD892475162B00914470 /* Swift5-BackgroundTaskNotification.app */;
			productType = "com.apple.product-type.application";
		};
/* End PBXNativeTarget section */

/* Begin PBXProject section */
		14C8BD812475162B00914470 /* Project object */ = {
			isa = PBXProject;
			attributes = {
				LastSwiftUpdateCheck = 1140;
				LastUpgradeCheck = 1140;
				ORGANIZATIONNAME = ceren;
				TargetAttributes = {
					14C8BD882475162B00914470 = {
						CreatedOnToolsVersion = 11.4;
					};
				};
			};
			buildConfigurationList = 14C8BD842475162B00914470 /* Build configuration list for PBXProject "Swift5-BackgroundTaskNotification" */;
			compatibilityVersion = "Xcode 9.3";
			developmentRegion = en;
			hasScannedForEncodings = 0;
			knownRegions = (
				en,
				Base,
			);
			mainGroup = 14C8BD802475162B00914470;
			productRefGroup = 14C8BD8A2475162B00914470 /* Products */;
			projectDirPath = "";
			projectRoot = "";
			targets = (
				14C8BD882475162B00914470 /* Swift5-BackgroundTaskNotification */,
			);
		};
/* End PBXProject section */

/* Begin PBXResourcesBuildPhase section */
		14C8BD872475162B00914470 /* Resources */ = {
			isa = PBXResourcesBuildPhase;
			buildActionMask = 2147483647;
			files = (
				14C8BD992475162F00914470 /* LaunchScreen.storyboard in Resources */,
				14C8BD962475162F00914470 /* Preview Assets.xcassets in Resources */,
				14C8BD932475162F00914470 /* Assets.xcassets in Resources */,
			);
			runOnlyForDeploymentPostprocessing = 0;
		};
/* End PBXResourcesBuildPhase section */

/* Begin PBXSourcesBuildPhase section */
		14C8BD852475162B00914470 /* Sources */ = {
			isa = PBXSourcesBuildPhase;
			buildActionMask = 2147483647;
			files = (
				14C8BD8D2475162B00914470 /* AppDelegate.swift in Sources */,
				14C8BD8F2475162B00914470 /* SceneDelegate.swift in Sources */,
				14C8BD912475162B00914470 /* ContentView.swift in Sources */,
			);
			runOnlyForDeploymentPostprocessing = 0;
		};
/* End PBXSourcesBuildPhase section */

/* Begin PBXVariantGroup section */
		14C8BD972475162F00914470 /* LaunchScreen.storyboard */ = {
			isa = PBXVariantGroup;
			children = (
				14C8BD982475162F00914470 /* Base */,
			);
			name = LaunchScreen.storyboard;
			sourceTree = "<group>";
		};
/* End PBXVariantGroup section */

/* Begin XCBuildConfiguration section */
		14C8BD9B2475162F00914470 /* Debug */ = {
			isa = XCBuildConfiguration;
			buildSettings = {
				ALWAYS_SEARCH_USER_PATHS = NO;
				CLANG_ANALYZER_NONNULL = YES;
				CLANG_ANALYZER_NUMBER_OBJECT_CONVERSION = YES_AGGRESSIVE;
				CLANG_CXX_LANGUAGE_STANDARD = "gnu++14";
				CLANG_CXX_LIBRARY = "libc++";
				CLANG_ENABLE_MODULES = YES;
				CLANG_ENABLE_OBJC_ARC = YES;
				CLANG_ENABLE_OBJC_WEAK = YES;
				CLANG_WARN_BLOCK_CAPTURE_AUTORELEASING = YES;
				CLANG_WARN_BOOL_CONVERSION = YES;
				CLANG_WARN_COMMA = YES;
				CLANG_WARN_CONSTANT_CONVERSION = YES;
				CLANG_WARN_DEPRECATED_OBJC_IMPLEMENTATIONS = YES;
				CLANG_WARN_DIRECT_OBJC_ISA_USAGE = YES_ERROR;
				CLANG_WARN_DOCUMENTATION_COMMENTS = YES;
				CLANG_WARN_EMPTY_BODY = YES;
				CLANG_WARN_ENUM_CONVERSION = YES;
				CLANG_WARN_INFINITE_RECURSION = YES;
				CLANG_WARN_INT_CONVERSION = YES;
				CLANG_WARN_NON_LITERAL_NULL_CONVERSION = YES;
				CLANG_WARN_OBJC_IMPLICIT_RETAIN_SELF = YES;
				CLANG_WARN_OBJC_LITERAL_CONVERSION = YES;
				CLANG_WARN_OBJC_ROOT_CLASS = YES_ERROR;
				CLANG_WARN_RANGE_LOOP_ANALYSIS = YES;
				CLANG_WARN_STRICT_PROTOTYPES = YES;
				CLANG_WARN_SUSPICIOUS_MOVE = YES;
				CLANG_WARN_UNGUARDED_AVAILABILITY = YES_AGGRESSIVE;
				CLANG_WARN_UNREACHABLE_CODE = YES;
				CLANG_WARN__DUPLICATE_METHOD_MATCH = YES;
				COPY_PHASE_STRIP = NO;
				DEBUG_INFORMATION_FORMAT = dwarf;
				ENABLE_STRICT_OBJC_MSGSEND = YES;
				ENABLE_TESTABILITY = YES;
				GCC_C_LANGUAGE_STANDARD = gnu11;
				GCC_DYNAMIC_NO_PIC = NO;
				GCC_NO_COMMON_BLOCKS = YES;
				GCC_OPTIMIZATION_LEVEL = 0;
				GCC_PREPROCESSOR_DEFINITIONS = (
					"DEBUG=1",
					"$(inherited)",
				);
				GCC_WARN_64_TO_32_BIT_CONVERSION = YES;
				GCC_WARN_ABOUT_RETURN_TYPE = YES_ERROR;
				GCC_WARN_UNDECLARED_SELECTOR = YES;
				GCC_WARN_UNINITIALIZED_AUTOS = YES_AGGRESSIVE;
				GCC_WARN_UNUSED_FUNCTION = YES;
				GCC_WARN_UNUSED_VARIABLE = YES;
				IPHONEOS_DEPLOYMENT_TARGET = 13.4;
				MTL_ENABLE_DEBUG_INFO = INCLUDE_SOURCE;
				MTL_FAST_MATH = YES;
				ONLY_ACTIVE_ARCH = YES;
				SDKROOT = iphoneos;
				SWIFT_ACTIVE_COMPILATION_CONDITIONS = DEBUG;
				SWIFT_OPTIMIZATION_LEVEL = "-Onone";
			};
			name = Debug;
		};
		14C8BD9C2475162F00914470 /* Release */ = {
			isa = XCBuildConfiguration;
			buildSettings = {
				ALWAYS_SEARCH_USER_PATHS = NO;
				CLANG_ANALYZER_NONNULL = YES;
				CLANG_ANALYZER_NUMBER_OBJECT_CONVERSION = YES_AGGRESSIVE;
				CLANG_CXX_LANGUAGE_STANDARD = "gnu++14";
				CLANG_CXX_LIBRARY = "libc++";
				CLANG_ENABLE_MODULES = YES;
				CLANG_ENABLE_OBJC_ARC = YES;
				CLANG_ENABLE_OBJC_WEAK = YES;
				CLANG_WARN_BLOCK_CAPTURE_AUTORELEASING = YES;
				CLANG_WARN_BOOL_CONVERSION = YES;
				CLANG_WARN_COMMA = YES;
				CLANG_WARN_CONSTANT_CONVERSION = YES;
				CLANG_WARN_DEPRECATED_OBJC_IMPLEMENTATIONS = YES;
				CLANG_WARN_DIRECT_OBJC_ISA_USAGE = YES_ERROR;
				CLANG_WARN_DOCUMENTATION_COMMENTS = YES;
				CLANG_WARN_EMPTY_BODY = YES;
				CLANG_WARN_ENUM_CONVERSION = YES;
				CLANG_WARN_INFINITE_RECURSION = YES;
				CLANG_WARN_INT_CONVERSION = YES;
				CLANG_WARN_NON_LITERAL_NULL_CONVERSION = YES;
				CLANG_WARN_OBJC_IMPLICIT_RETAIN_SELF = YES;
				CLANG_WARN_OBJC_LITERAL_CONVERSION = YES;
				CLANG_WARN_OBJC_ROOT_CLASS = YES_ERROR;
				CLANG_WARN_RANGE_LOOP_ANALYSIS = YES;
				CLANG_WARN_STRICT_PROTOTYPES = YES;
				CLANG_WARN_SUSPICIOUS_MOVE = YES;
				CLANG_WARN_UNGUARDED_AVAILABILITY = YES_AGGRESSIVE;
				CLANG_WARN_UNREACHABLE_CODE = YES;
				CLANG_WARN__DUPLICATE_METHOD_MATCH = YES;
				COPY_PHASE_STRIP = NO;
				DEBUG_INFORMATION_FORMAT = "dwarf-with-dsym";
				ENABLE_NS_ASSERTIONS = NO;
				ENABLE_STRICT_OBJC_MSGSEND = YES;
				GCC_C_LANGUAGE_STANDARD = gnu11;
				GCC_NO_COMMON_BLOCKS = YES;
				GCC_WARN_64_TO_32_BIT_CONVERSION = YES;
				GCC_WARN_ABOUT_RETURN_TYPE = YES_ERROR;
				GCC_WARN_UNDECLARED_SELECTOR = YES;
				GCC_WARN_UNINITIALIZED_AUTOS = YES_AGGRESSIVE;
				GCC_WARN_UNUSED_FUNCTION = YES;
				GCC_WARN_UNUSED_VARIABLE = YES;
				IPHONEOS_DEPLOYMENT_TARGET = 13.4;
				MTL_ENABLE_DEBUG_INFO = NO;
				MTL_FAST_MATH = YES;
				SDKROOT = iphoneos;
				SWIFT_COMPILATION_MODE = wholemodule;
				SWIFT_OPTIMIZATION_LEVEL = "-O";
				VALIDATE_PRODUCT = YES;
			};
			name = Release;
		};
		14C8BD9E2475162F00914470 /* Debug */ = {
			isa = XCBuildConfiguration;
			buildSettings = {
				ASSETCATALOG_COMPILER_APPICON_NAME = AppIcon;
				CODE_SIGN_STYLE = Automatic;
				DEVELOPMENT_ASSET_PATHS = "\"Swift5-BackgroundTaskNotification/Preview Content\"";
				DEVELOPMENT_TEAM = T66S44XPZ4;
				ENABLE_PREVIEWS = YES;
				INFOPLIST_FILE = "Swift5-BackgroundTaskNotification/Info.plist";
				IPHONEOS_DEPLOYMENT_TARGET = 13.0;
				LD_RUNPATH_SEARCH_PATHS = (
					"$(inherited)",
					"@executable_path/Frameworks",
				);
				PRODUCT_BUNDLE_IDENTIFIER = "com.Swift5-BackgroundTaskNotification";
				PRODUCT_NAME = "$(TARGET_NAME)";
				SWIFT_VERSION = 5.0;
				TARGETED_DEVICE_FAMILY = 1;
			};
			name = Debug;
		};
		14C8BD9F2475162F00914470 /* Release */ = {
			isa = XCBuildConfiguration;
			buildSettings = {
				ASSETCATALOG_COMPILER_APPICON_NAME = AppIcon;
				CODE_SIGN_STYLE = Automatic;
				DEVELOPMENT_ASSET_PATHS = "\"Swift5-BackgroundTaskNotification/Preview Content\"";
				DEVELOPMENT_TEAM = T66S44XPZ4;
				ENABLE_PREVIEWS = YES;
				INFOPLIST_FILE = "Swift5-BackgroundTaskNotification/Info.plist";
				IPHONEOS_DEPLOYMENT_TARGET = 13.0;
				LD_RUNPATH_SEARCH_PATHS = (
					"$(inherited)",
					"@executable_path/Frameworks",
				);
				PRODUCT_BUNDLE_IDENTIFIER = "com.Swift5-BackgroundTaskNotification";
				PRODUCT_NAME = "$(TARGET_NAME)";
				SWIFT_VERSION = 5.0;
				TARGETED_DEVICE_FAMILY = 1;
			};
			name = Release;
		};
/* End XCBuildConfiguration section */

/* Begin XCConfigurationList section */
		14C8BD842475162B00914470 /* Build configuration list for PBXProject "Swift5-BackgroundTaskNotification" */ = {
			isa = XCConfigurationList;
			buildConfigurations = (
				14C8BD9B2475162F00914470 /* Debug */,
				14C8BD9C2475162F00914470 /* Release */,
			);
			defaultConfigurationIsVisible = 0;
			defaultConfigurationName = Release;
		};
		14C8BD9D2475162F00914470 /* Build configuration list for PBXNativeTarget "Swift5-BackgroundTaskNotification" */ = {
			isa = XCConfigurationList;
			buildConfigurations = (
				14C8BD9E2475162F00914470 /* Debug */,
				14C8BD9F2475162F00914470 /* Release */,
			);
			defaultConfigurationIsVisible = 0;
			defaultConfigurationName = Release;
		};
/* End XCConfigurationList section */
	};
	rootObject = 14C8BD812475162B00914470 /* Project object */;
}
